
Microsoft Visual Studio Solution File, Format Version 12.00
# Visual Studio Version 17
VisualStudioVersion = 17.7.34031.279
MinimumVisualStudioVersion = 10.0.40219.1
Project("{FAE04EC0-301F-11D3-BF4B-00C04F79EFBC}") = "ConsoleApp1", "ConsoleApp1\ConsoleApp1.csproj", "{C73A0B7B-EEA5-4DEE-B652-95937373B545}"
EndProject
Project("{2150E333-8FDC-42A3-9474-1A3956D46DE8}") = "Elementy rozwiązania", "Elementy rozwiązania", "{6D7C9883-6BEE-46AD-BA97-EC15FB97F433}"
EndProject
Global
	GlobalSection(SolutionConfigurationPlatforms) = preSolution
		Debug|Any CPU = Debug|Any CPU
		Release|Any CPU = Release|Any CPU
	EndGlobalSection
	GlobalSection(ProjectConfigurationPlatforms) = postSolution
		{C73A0B7B-EEA5-4DEE-B652-95937373B545}.Debug|Any CPU.ActiveCfg = Debug|Any CPU
		{C73A0B7B-EEA5-4DEE-B652-95937373B545}.Debug|Any CPU.Build.0 = Debug|Any CPU
		{C73A0B7B-EEA5-4DEE-B652-95937373B545}.Release|Any CPU.ActiveCfg = Release|Any CPU
		{C73A0B7B-EEA5-4DEE-B652-95937373B545}.Release|Any CPU.Build.0 = Release|Any CPU
	EndGlobalSection
	GlobalSection(SolutionProperties) = preSolution
		HideSolutionNode = FALSE
	EndGlobalSection
	GlobalSection(ExtensibilityGlobals) = postSolution
		SolutionGuid = {FD580FEA-B4B0-4F67-959B-BB587B595180}
	EndGlobalSection
EndGlobal
